
Microsoft Visual Studio Solution File, Format Version 12.00
# Visual Studio 14
VisualStudioVersion = 14.0.25420.1
MinimumVisualStudioVersion = 10.0.40219.1
Project("{F184B08F-C81C-45F6-A57F-5ABD9991F28F}") = "Example_GunaAnimateWindow", "Example_GunaAnimateWindow\Example_GunaAnimateWindow.vbproj", "{C19FAEC6-FDDE-4180-96D9-C5F6F50FB06A}"
EndProject
Project("{FAE04EC0-301F-11D3-BF4B-00C04F79EFBC}") = "ExampleCsharp_GunaAnimateWindow", "ExampleCsharp_GunaAnimateWindow\ExampleCsharp_GunaAnimateWindow.csproj", "{27AC2ED1-C98E-42EE-8E3E-35A381B29397}"
EndProject
Global
	GlobalSection(SolutionConfigurationPlatforms) = preSolution
		Debug|Any CPU = Debug|Any CPU
		Release|Any CPU = Release|Any CPU
	EndGlobalSection
	GlobalSection(ProjectConfigurationPlatforms) = postSolution
		{C19FAEC6-FDDE-4180-96D9-C5F6F50FB06A}.Debug|Any CPU.ActiveCfg = Debug|Any CPU
		{C19FAEC6-FDDE-4180-96D9-C5F6F50FB06A}.Debug|Any CPU.Build.0 = Debug|Any CPU
		{C19FAEC6-FDDE-4180-96D9-C5F6F50FB06A}.Release|Any CPU.ActiveCfg = Release|Any CPU
		{C19FAEC6-FDDE-4180-96D9-C5F6F50FB06A}.Release|Any CPU.Build.0 = Release|Any CPU
		{27AC2ED1-C98E-42EE-8E3E-35A381B29397}.Debug|Any CPU.ActiveCfg = Debug|Any CPU
		{27AC2ED1-C98E-42EE-8E3E-35A381B29397}.Debug|Any CPU.Build.0 = Debug|Any CPU
		{27AC2ED1-C98E-42EE-8E3E-35A381B29397}.Release|Any CPU.ActiveCfg = Release|Any CPU
		{27AC2ED1-C98E-42EE-8E3E-35A381B29397}.Release|Any CPU.Build.0 = Release|Any CPU
	EndGlobalSection
	GlobalSection(SolutionProperties) = preSolution
		HideSolutionNode = FALSE
	EndGlobalSection
EndGlobal
